
Microsoft Visual Studio Solution File, Format Version 12.00
# Visual Studio Version 17
VisualStudioVersion = 17.3.32819.101
MinimumVisualStudioVersion = 10.0.40219.1
Project("{FAE04EC0-301F-11D3-BF4B-00C04F79EFBC}") = "SalonKrasoti", "SalonKrasoti\SalonKrasoti.csproj", "{8B07F741-F441-447F-A98B-59DDED34E97B}"
EndProject
Global
	GlobalSection(SolutionConfigurationPlatforms) = preSolution
		Debug|Any CPU = Debug|Any CPU
		Release|Any CPU = Release|Any CPU
	EndGlobalSection
	GlobalSection(ProjectConfigurationPlatforms) = postSolution
		{8B07F741-F441-447F-A98B-59DDED34E97B}.Debug|Any CPU.ActiveCfg = Debug|Any CPU
		{8B07F741-F441-447F-A98B-59DDED34E97B}.Debug|Any CPU.Build.0 = Debug|Any CPU
		{8B07F741-F441-447F-A98B-59DDED34E97B}.Release|Any CPU.ActiveCfg = Release|Any CPU
		{8B07F741-F441-447F-A98B-59DDED34E97B}.Release|Any CPU.Build.0 = Release|Any CPU
	EndGlobalSection
	GlobalSection(SolutionProperties) = preSolution
		HideSolutionNode = FALSE
	EndGlobalSection
	GlobalSection(ExtensibilityGlobals) = postSolution
		SolutionGuid = {2ED32E0A-3433-4E52-A708-E816FFDB8749}
	EndGlobalSection
EndGlobal
